// !$*UTF8*$!
{
	archiveVersion = 1;
	classes = {
	};
	objectVersion = 50;
	objects = {

/* Begin PBXBuildFile section */
		8C3C62BB21FE6BC400ADF6D9 /* AppDelegate.swift in Sources */ = {isa = PBXBuildFile; fileRef = 8C3C62BA21FE6BC400ADF6D9 /* AppDelegate.swift */; };
		8C3C62BD21FE6BC400ADF6D9 /* FriendsListController.swift in Sources */ = {isa = PBXBuildFile; fileRef = 8C3C62BC21FE6BC400ADF6D9 /* FriendsListController.swift */; };
		8C3C62C021FE6BC400ADF6D9 /* Main.storyboard in Resources */ = {isa = PBXBuildFile; fileRef = 8C3C62BE21FE6BC400ADF6D9 /* Main.storyboard */; };
		8C3C62C321FE6BC400ADF6D9 /* FriendsList.xcdatamodeld in Sources */ = {isa = PBXBuildFile; fileRef = 8C3C62C121FE6BC400ADF6D9 /* FriendsList.xcdatamodeld */; };
		8C3C62C521FE6BC500ADF6D9 /* Assets.xcassets in Resources */ = {isa = PBXBuildFile; fileRef = 8C3C62C421FE6BC500ADF6D9 /* Assets.xcassets */; };
		8C3C62C821FE6BC500ADF6D9 /* LaunchScreen.storyboard in Resources */ = {isa = PBXBuildFile; fileRef = 8C3C62C621FE6BC500ADF6D9 /* LaunchScreen.storyboard */; };
		8C3C62D021FE6D8B00ADF6D9 /* CoreDataManager.swift in Sources */ = {isa = PBXBuildFile; fileRef = 8C3C62CF21FE6D8B00ADF6D9 /* CoreDataManager.swift */; };
		8C3C62D821FE822500ADF6D9 /* Friend.swift in Sources */ = {isa = PBXBuildFile; fileRef = 8C3C62D721FE822500ADF6D9 /* Friend.swift */; };
		8C3C62DA21FE85C600ADF6D9 /* CreateFriendController.swift in Sources */ = {isa = PBXBuildFile; fileRef = 8C3C62D921FE85C600ADF6D9 /* CreateFriendController.swift */; };
		8C3C62DC21FE88F300ADF6D9 /* UIView+Extension.swift in Sources */ = {isa = PBXBuildFile; fileRef = 8C3C62DB21FE88F300ADF6D9 /* UIView+Extension.swift */; };
		8C3C62DE21FFAAA400ADF6D9 /* FriendsListCell.swift in Sources */ = {isa = PBXBuildFile; fileRef = 8C3C62DD21FFAAA400ADF6D9 /* FriendsListCell.swift */; };
/* End PBXBuildFile section */

/* Begin PBXFileReference section */
		8C3C62B721FE6BC400ADF6D9 /* FriendsList.app */ = {isa = PBXFileReference; explicitFileType = wrapper.application; includeInIndex = 0; path = FriendsList.app; sourceTree = BUILT_PRODUCTS_DIR; };
		8C3C62BA21FE6BC400ADF6D9 /* AppDelegate.swift */ = {isa = PBXFileReference; lastKnownFileType = sourcecode.swift; path = AppDelegate.swift; sourceTree = "<group>"; };
		8C3C62BC21FE6BC400ADF6D9 /* FriendsListController.swift */ = {isa = PBXFileReference; lastKnownFileType = sourcecode.swift; path = FriendsListController.swift; sourceTree = "<group>"; };
		8C3C62BF21FE6BC400ADF6D9 /* Base */ = {isa = PBXFileReference; lastKnownFileType = file.storyboard; name = Base; path = Base.lproj/Main.storyboard; sourceTree = "<group>"; };
		8C3C62C221FE6BC400ADF6D9 /* FriendsList.xcdatamodel */ = {isa = PBXFileReference; lastKnownFileType = wrapper.xcdatamodel; path = FriendsList.xcdatamodel; sourceTree = "<group>"; };
		8C3C62C421FE6BC500ADF6D9 /* Assets.xcassets */ = {isa = PBXFileReference; lastKnownFileType = folder.assetcatalog; path = Assets.xcassets; sourceTree = "<group>"; };
		8C3C62C721FE6BC500ADF6D9 /* Base */ = {isa = PBXFileReference; lastKnownFileType = file.storyboard; name = Base; path = Base.lproj/LaunchScreen.storyboard; sourceTree = "<group>"; };
		8C3C62C921FE6BC500ADF6D9 /* Info.plist */ = {isa = PBXFileReference; lastKnownFileType = text.plist.xml; path = Info.plist; sourceTree = "<group>"; };
		8C3C62CF21FE6D8B00ADF6D9 /* CoreDataManager.swift */ = {isa = PBXFileReference; lastKnownFileType = sourcecode.swift; path = CoreDataManager.swift; sourceTree = "<group>"; };
		8C3C62D721FE822500ADF6D9 /* Friend.swift */ = {isa = PBXFileReference; lastKnownFileType = sourcecode.swift; path = Friend.swift; sourceTree = "<group>"; };
		8C3C62D921FE85C600ADF6D9 /* CreateFriendController.swift */ = {isa = PBXFileReference; lastKnownFileType = sourcecode.swift; path = CreateFriendController.swift; sourceTree = "<group>"; };
		8C3C62DB21FE88F300ADF6D9 /* UIView+Extension.swift */ = {isa = PBXFileReference; lastKnownFileType = sourcecode.swift; path = "UIView+Extension.swift"; sourceTree = "<group>"; };
		8C3C62DD21FFAAA400ADF6D9 /* FriendsListCell.swift */ = {isa = PBXFileReference; lastKnownFileType = sourcecode.swift; path = FriendsListCell.swift; sourceTree = "<group>"; };
/* End PBXFileReference section */

/* Begin PBXFrameworksBuildPhase section */
		8C3C62B421FE6BC400ADF6D9 /* Frameworks */ = {
			isa = PBXFrameworksBuildPhase;
			buildActionMask = 2147483647;
			files = (
			);
			runOnlyForDeploymentPostprocessing = 0;
		};
/* End PBXFrameworksBuildPhase section */

/* Begin PBXGroup section */
		8C3C62AE21FE6BC400ADF6D9 = {
			isa = PBXGroup;
			children = (
				8C3C62B921FE6BC400ADF6D9 /* FriendsList */,
			);
			sourceTree = "<group>";
		};
		8C3C62B821FE6BC400ADF6D9 /* Products */ = {
			isa = PBXGroup;
			children = (
				8C3C62B721FE6BC400ADF6D9 /* FriendsList.app */,
			);
			name = Products;
			path = ..;
			sourceTree = "<group>";
		};
		8C3C62B921FE6BC400ADF6D9 /* FriendsList */ = {
			isa = PBXGroup;
			children = (
				8C3C62BA21FE6BC400ADF6D9 /* AppDelegate.swift */,
				8C3C62C121FE6BC400ADF6D9 /* FriendsList.xcdatamodeld */,
				8C3C62D721FE822500ADF6D9 /* Friend.swift */,
				8C3C62CF21FE6D8B00ADF6D9 /* CoreDataManager.swift */,
				8C3C62BC21FE6BC400ADF6D9 /* FriendsListController.swift */,
				8C3C62DD21FFAAA400ADF6D9 /* FriendsListCell.swift */,
				8C3C62D921FE85C600ADF6D9 /* CreateFriendController.swift */,
				8C3C62B821FE6BC400ADF6D9 /* Products */,
				8C3C62BE21FE6BC400ADF6D9 /* Main.storyboard */,
				8C3C62C421FE6BC500ADF6D9 /* Assets.xcassets */,
				8C3C62C621FE6BC500ADF6D9 /* LaunchScreen.storyboard */,
				8C3C62C921FE6BC500ADF6D9 /* Info.plist */,
				8C3C62DB21FE88F300ADF6D9 /* UIView+Extension.swift */,
			);
			path = FriendsList;
			sourceTree = "<group>";
		};
/* End PBXGroup section */

/* Begin PBXNativeTarget section */
		8C3C62B621FE6BC400ADF6D9 /* FriendsList */ = {
			isa = PBXNativeTarget;
			buildConfigurationList = 8C3C62CC21FE6BC500ADF6D9 /* Build configuration list for PBXNativeTarget "FriendsList" */;
			buildPhases = (
				8C3C62B321FE6BC400ADF6D9 /* Sources */,
				8C3C62B421FE6BC400ADF6D9 /* Frameworks */,
				8C3C62B521FE6BC400ADF6D9 /* Resources */,
			);
			buildRules = (
			);
			dependencies = (
			);
			name = FriendsList;
			productName = FriendsList;
			productReference = 8C3C62B721FE6BC400ADF6D9 /* FriendsList.app */;
			productType = "com.apple.product-type.application";
		};
/* End PBXNativeTarget section */

/* Begin PBXProject section */
		8C3C62AF21FE6BC400ADF6D9 /* Project object */ = {
			isa = PBXProject;
			attributes = {
				LastSwiftUpdateCheck = 1010;
				LastUpgradeCheck = 1010;
				ORGANIZATIONNAME = tetra;
				TargetAttributes = {
					8C3C62B621FE6BC400ADF6D9 = {
						CreatedOnToolsVersion = 10.1;
					};
				};
			};
			buildConfigurationList = 8C3C62B221FE6BC400ADF6D9 /* Build configuration list for PBXProject "FriendsList" */;
			compatibilityVersion = "Xcode 9.3";
			developmentRegion = en;
			hasScannedForEncodings = 0;
			knownRegions = (
				en,
				Base,
			);
			mainGroup = 8C3C62AE21FE6BC400ADF6D9;
			productRefGroup = 8C3C62B821FE6BC400ADF6D9 /* Products */;
			projectDirPath = "";
			projectRoot = "";
			targets = (
				8C3C62B621FE6BC400ADF6D9 /* FriendsList */,
			);
		};
/* End PBXProject section */

/* Begin PBXResourcesBuildPhase section */
		8C3C62B521FE6BC400ADF6D9 /* Resources */ = {
			isa = PBXResourcesBuildPhase;
			buildActionMask = 2147483647;
			files = (
				8C3C62C821FE6BC500ADF6D9 /* LaunchScreen.storyboard in Resources */,
				8C3C62C521FE6BC500ADF6D9 /* Assets.xcassets in Resources */,
				8C3C62C021FE6BC400ADF6D9 /* Main.storyboard in Resources */,
			);
			runOnlyForDeploymentPostprocessing = 0;
		};
/* End PBXResourcesBuildPhase section */

/* Begin PBXSourcesBuildPhase section */
		8C3C62B321FE6BC400ADF6D9 /* Sources */ = {
			isa = PBXSourcesBuildPhase;
			buildActionMask = 2147483647;
			files = (
				8C3C62BD21FE6BC400ADF6D9 /* FriendsListController.swift in Sources */,
				8C3C62BB21FE6BC400ADF6D9 /* AppDelegate.swift in Sources */,
				8C3C62D821FE822500ADF6D9 /* Friend.swift in Sources */,
				8C3C62DC21FE88F300ADF6D9 /* UIView+Extension.swift in Sources */,
				8C3C62DA21FE85C600ADF6D9 /* CreateFriendController.swift in Sources */,
				8C3C62C321FE6BC400ADF6D9 /* FriendsList.xcdatamodeld in Sources */,
				8C3C62D021FE6D8B00ADF6D9 /* CoreDataManager.swift in Sources */,
				8C3C62DE21FFAAA400ADF6D9 /* FriendsListCell.swift in Sources */,
			);
			runOnlyForDeploymentPostprocessing = 0;
		};
/* End PBXSourcesBuildPhase section */

/* Begin PBXVariantGroup section */
		8C3C62BE21FE6BC400ADF6D9 /* Main.storyboard */ = {
			isa = PBXVariantGroup;
			children = (
				8C3C62BF21FE6BC400ADF6D9 /* Base */,
			);
			name = Main.storyboard;
			sourceTree = "<group>";
		};
		8C3C62C621FE6BC500ADF6D9 /* LaunchScreen.storyboard */ = {
			isa = PBXVariantGroup;
			children = (
				8C3C62C721FE6BC500ADF6D9 /* Base */,
			);
			name = LaunchScreen.storyboard;
			sourceTree = "<group>";
		};
/* End PBXVariantGroup section */

/* Begin XCBuildConfiguration section */
		8C3C62CA21FE6BC500ADF6D9 /* Debug */ = {
			isa = XCBuildConfiguration;
			buildSettings = {
				ALWAYS_SEARCH_USER_PATHS = NO;
				CLANG_ANALYZER_NONNULL = YES;
				CLANG_ANALYZER_NUMBER_OBJECT_CONVERSION = YES_AGGRESSIVE;
				CLANG_CXX_LANGUAGE_STANDARD = "gnu++14";
				CLANG_CXX_LIBRARY = "libc++";
				CLANG_ENABLE_MODULES = YES;
				CLANG_ENABLE_OBJC_ARC = YES;
				CLANG_ENABLE_OBJC_WEAK = YES;
				CLANG_WARN_BLOCK_CAPTURE_AUTORELEASING = YES;
				CLANG_WARN_BOOL_CONVERSION = YES;
				CLANG_WARN_COMMA = YES;
				CLANG_WARN_CONSTANT_CONVERSION = YES;
				CLANG_WARN_DEPRECATED_OBJC_IMPLEMENTATIONS = YES;
				CLANG_WARN_DIRECT_OBJC_ISA_USAGE = YES_ERROR;
				CLANG_WARN_DOCUMENTATION_COMMENTS = YES;
				CLANG_WARN_EMPTY_BODY = YES;
				CLANG_WARN_ENUM_CONVERSION = YES;
				CLANG_WARN_INFINITE_RECURSION = YES;
				CLANG_WARN_INT_CONVERSION = YES;
				CLANG_WARN_NON_LITERAL_NULL_CONVERSION = YES;
				CLANG_WARN_OBJC_IMPLICIT_RETAIN_SELF = YES;
				CLANG_WARN_OBJC_LITERAL_CONVERSION = YES;
				CLANG_WARN_OBJC_ROOT_CLASS = YES_ERROR;
				CLANG_WARN_RANGE_LOOP_ANALYSIS = YES;
				CLANG_WARN_STRICT_PROTOTYPES = YES;
				CLANG_WARN_SUSPICIOUS_MOVE = YES;
				CLANG_WARN_UNGUARDED_AVAILABILITY = YES_AGGRESSIVE;
				CLANG_WARN_UNREACHABLE_CODE = YES;
				CLANG_WARN__DUPLICATE_METHOD_MATCH = YES;
				CODE_SIGN_IDENTITY = "iPhone Developer";
				COPY_PHASE_STRIP = NO;
				DEBUG_INFORMATION_FORMAT = dwarf;
				ENABLE_STRICT_OBJC_MSGSEND = YES;
				ENABLE_TESTABILITY = YES;
				GCC_C_LANGUAGE_STANDARD = gnu11;
				GCC_DYNAMIC_NO_PIC = NO;
				GCC_NO_COMMON_BLOCKS = YES;
				GCC_OPTIMIZATION_LEVEL = 0;
				GCC_PREPROCESSOR_DEFINITIONS = (
					"DEBUG=1",
					"$(inherited)",
				);
				GCC_WARN_64_TO_32_BIT_CONVERSION = YES;
				GCC_WARN_ABOUT_RETURN_TYPE = YES_ERROR;
				GCC_WARN_UNDECLARED_SELECTOR = YES;
				GCC_WARN_UNINITIALIZED_AUTOS = YES_AGGRESSIVE;
				GCC_WARN_UNUSED_FUNCTION = YES;
				GCC_WARN_UNUSED_VARIABLE = YES;
				IPHONEOS_DEPLOYMENT_TARGET = 12.1;
				MTL_ENABLE_DEBUG_INFO = INCLUDE_SOURCE;
				MTL_FAST_MATH = YES;
				ONLY_ACTIVE_ARCH = YES;
				SDKROOT = iphoneos;
				SWIFT_ACTIVE_COMPILATION_CONDITIONS = DEBUG;
				SWIFT_OPTIMIZATION_LEVEL = "-Onone";
			};
			name = Debug;
		};
		8C3C62CB21FE6BC500ADF6D9 /* Release */ = {
			isa = XCBuildConfiguration;
			buildSettings = {
				ALWAYS_SEARCH_USER_PATHS = NO;
				CLANG_ANALYZER_NONNULL = YES;
				CLANG_ANALYZER_NUMBER_OBJECT_CONVERSION = YES_AGGRESSIVE;
				CLANG_CXX_LANGUAGE_STANDARD = "gnu++14";
				CLANG_CXX_LIBRARY = "libc++";
				CLANG_ENABLE_MODULES = YES;
				CLANG_ENABLE_OBJC_ARC = YES;
				CLANG_ENABLE_OBJC_WEAK = YES;
				CLANG_WARN_BLOCK_CAPTURE_AUTORELEASING = YES;
				CLANG_WARN_BOOL_CONVERSION = YES;
				CLANG_WARN_COMMA = YES;
				CLANG_WARN_CONSTANT_CONVERSION = YES;
				CLANG_WARN_DEPRECATED_OBJC_IMPLEMENTATIONS = YES;
				CLANG_WARN_DIRECT_OBJC_ISA_USAGE = YES_ERROR;
				CLANG_WARN_DOCUMENTATION_COMMENTS = YES;
				CLANG_WARN_EMPTY_BODY = YES;
				CLANG_WARN_ENUM_CONVERSION = YES;
				CLANG_WARN_INFINITE_RECURSION = YES;
				CLANG_WARN_INT_CONVERSION = YES;
				CLANG_WARN_NON_LITERAL_NULL_CONVERSION = YES;
				CLANG_WARN_OBJC_IMPLICIT_RETAIN_SELF = YES;
				CLANG_WARN_OBJC_LITERAL_CONVERSION = YES;
				CLANG_WARN_OBJC_ROOT_CLASS = YES_ERROR;
				CLANG_WARN_RANGE_LOOP_ANALYSIS = YES;
				CLANG_WARN_STRICT_PROTOTYPES = YES;
				CLANG_WARN_SUSPICIOUS_MOVE = YES;
				CLANG_WARN_UNGUARDED_AVAILABILITY = YES_AGGRESSIVE;
				CLANG_WARN_UNREACHABLE_CODE = YES;
				CLANG_WARN__DUPLICATE_METHOD_MATCH = YES;
				CODE_SIGN_IDENTITY = "iPhone Developer";
				COPY_PHASE_STRIP = NO;
				DEBUG_INFORMATION_FORMAT = "dwarf-with-dsym";
				ENABLE_NS_ASSERTIONS = NO;
				ENABLE_STRICT_OBJC_MSGSEND = YES;
				GCC_C_LANGUAGE_STANDARD = gnu11;
				GCC_NO_COMMON_BLOCKS = YES;
				GCC_WARN_64_TO_32_BIT_CONVERSION = YES;
				GCC_WARN_ABOUT_RETURN_TYPE = YES_ERROR;
				GCC_WARN_UNDECLARED_SELECTOR = YES;
				GCC_WARN_UNINITIALIZED_AUTOS = YES_AGGRESSIVE;
				GCC_WARN_UNUSED_FUNCTION = YES;
				GCC_WARN_UNUSED_VARIABLE = YES;
				IPHONEOS_DEPLOYMENT_TARGET = 12.1;
				MTL_ENABLE_DEBUG_INFO = NO;
				MTL_FAST_MATH = YES;
				SDKROOT = iphoneos;
				SWIFT_COMPILATION_MODE = wholemodule;
				SWIFT_OPTIMIZATION_LEVEL = "-O";
				VALIDATE_PRODUCT = YES;
			};
			name = Release;
		};
		8C3C62CD21FE6BC500ADF6D9 /* Debug */ = {
			isa = XCBuildConfiguration;
			buildSettings = {
				ASSETCATALOG_COMPILER_APPICON_NAME = AppIcon;
				CODE_SIGN_STYLE = Automatic;
				DEVELOPMENT_TEAM = A6GU9B9DSF;
				INFOPLIST_FILE = FriendsList/Info.plist;
				LD_RUNPATH_SEARCH_PATHS = (
					"$(inherited)",
					"@executable_path/Frameworks",
				);
				PRODUCT_BUNDLE_IDENTIFIER = com.tetra.FriendsList;
				PRODUCT_NAME = "$(TARGET_NAME)";
				SWIFT_VERSION = 4.2;
				TARGETED_DEVICE_FAMILY = "1,2";
			};
			name = Debug;
		};
		8C3C62CE21FE6BC500ADF6D9 /* Release */ = {
			isa = XCBuildConfiguration;
			buildSettings = {
				ASSETCATALOG_COMPILER_APPICON_NAME = AppIcon;
				CODE_SIGN_STYLE = Automatic;
				DEVELOPMENT_TEAM = A6GU9B9DSF;
				INFOPLIST_FILE = FriendsList/Info.plist;
				LD_RUNPATH_SEARCH_PATHS = (
					"$(inherited)",
					"@executable_path/Frameworks",
				);
				PRODUCT_BUNDLE_IDENTIFIER = com.tetra.FriendsList;
				PRODUCT_NAME = "$(TARGET_NAME)";
				SWIFT_VERSION = 4.2;
				TARGETED_DEVICE_FAMILY = "1,2";
			};
			name = Release;
		};
/* End XCBuildConfiguration section */

/* Begin XCConfigurationList section */
		8C3C62B221FE6BC400ADF6D9 /* Build configuration list for PBXProject "FriendsList" */ = {
			isa = XCConfigurationList;
			buildConfigurations = (
				8C3C62CA21FE6BC500ADF6D9 /* Debug */,
				8C3C62CB21FE6BC500ADF6D9 /* Release */,
			);
			defaultConfigurationIsVisible = 0;
			defaultConfigurationName = Release;
		};
		8C3C62CC21FE6BC500ADF6D9 /* Build configuration list for PBXNativeTarget "FriendsList" */ = {
			isa = XCConfigurationList;
			buildConfigurations = (
				8C3C62CD21FE6BC500ADF6D9 /* Debug */,
				8C3C62CE21FE6BC500ADF6D9 /* Release */,
			);
			defaultConfigurationIsVisible = 0;
			defaultConfigurationName = Release;
		};
/* End XCConfigurationList section */

/* Begin XCVersionGroup section */
		8C3C62C121FE6BC400ADF6D9 /* FriendsList.xcdatamodeld */ = {
			isa = XCVersionGroup;
			children = (
				8C3C62C221FE6BC400ADF6D9 /* FriendsList.xcdatamodel */,
			);
			currentVersion = 8C3C62C221FE6BC400ADF6D9 /* FriendsList.xcdatamodel */;
			path = FriendsList.xcdatamodeld;
			sourceTree = "<group>";
			versionGroupType = wrapper.xcdatamodel;
		};
/* End XCVersionGroup section */
	};
	rootObject = 8C3C62AF21FE6BC400ADF6D9 /* Project object */;
}
